
Microsoft Visual Studio Solution File, Format Version 12.00
# Visual Studio 15
VisualStudioVersion = 15.0.28010.2019
MinimumVisualStudioVersion = 10.0.40219.1
Project("{FAE04EC0-301F-11D3-BF4B-00C04F79EFBC}") = "ProductsApp", "ProductsApp\ProductsApp.csproj", "{CEBB56DB-761B-4BEB-B19B-EB59FDB1462F}"
EndProject
Global
	GlobalSection(SolutionConfigurationPlatforms) = preSolution
		Debug|Any CPU = Debug|Any CPU
		Release|Any CPU = Release|Any CPU
	EndGlobalSection
	GlobalSection(ProjectConfigurationPlatforms) = postSolution
		{CEBB56DB-761B-4BEB-B19B-EB59FDB1462F}.Debug|Any CPU.ActiveCfg = Debug|Any CPU
		{CEBB56DB-761B-4BEB-B19B-EB59FDB1462F}.Debug|Any CPU.Build.0 = Debug|Any CPU
		{CEBB56DB-761B-4BEB-B19B-EB59FDB1462F}.Release|Any CPU.ActiveCfg = Release|Any CPU
		{CEBB56DB-761B-4BEB-B19B-EB59FDB1462F}.Release|Any CPU.Build.0 = Release|Any CPU
	EndGlobalSection
	GlobalSection(SolutionProperties) = preSolution
		HideSolutionNode = FALSE
	EndGlobalSection
	GlobalSection(ExtensibilityGlobals) = postSolution
		SolutionGuid = {CC803E61-881D-4DAF-B07A-C6CCD4A0A0F5}
	EndGlobalSection
EndGlobal
