
Microsoft Visual Studio Solution File, Format Version 12.00
# Visual Studio 15
VisualStudioVersion = 15.0.28010.2019
MinimumVisualStudioVersion = 10.0.40219.1
Project("{FAE04EC0-301F-11D3-BF4B-00C04F79EFBC}") = "HairCut", "HairCut\HairCut.csproj", "{62D2251A-1EC4-413B-A9B8-0891D431F901}"
EndProject
Project("{FAE04EC0-301F-11D3-BF4B-00C04F79EFBC}") = "DAL", "DAL\DAL.csproj", "{208E90EB-C0DD-4203-B618-80E373193F61}"
EndProject
Project("{FAE04EC0-301F-11D3-BF4B-00C04F79EFBC}") = "BAL", "BAL\BAL.csproj", "{1A9E3E20-8D24-450A-B5DB-8E6EE506A497}"
EndProject
Project("{FAE04EC0-301F-11D3-BF4B-00C04F79EFBC}") = "DB", "DB\DB.csproj", "{8736DAE0-511A-4971-A12A-869B3544AB58}"
EndProject
Project("{FAE04EC0-301F-11D3-BF4B-00C04F79EFBC}") = "DBTests", "DBTests\DBTests.csproj", "{6B704F1D-43C4-4981-BE7B-62A15A32C02F}"
EndProject
Global
	GlobalSection(SolutionConfigurationPlatforms) = preSolution
		Debug|Any CPU = Debug|Any CPU
		Release|Any CPU = Release|Any CPU
	EndGlobalSection
	GlobalSection(ProjectConfigurationPlatforms) = postSolution
		{62D2251A-1EC4-413B-A9B8-0891D431F901}.Debug|Any CPU.ActiveCfg = Debug|Any CPU
		{62D2251A-1EC4-413B-A9B8-0891D431F901}.Debug|Any CPU.Build.0 = Debug|Any CPU
		{62D2251A-1EC4-413B-A9B8-0891D431F901}.Release|Any CPU.ActiveCfg = Release|Any CPU
		{62D2251A-1EC4-413B-A9B8-0891D431F901}.Release|Any CPU.Build.0 = Release|Any CPU
		{208E90EB-C0DD-4203-B618-80E373193F61}.Debug|Any CPU.ActiveCfg = Debug|Any CPU
		{208E90EB-C0DD-4203-B618-80E373193F61}.Debug|Any CPU.Build.0 = Debug|Any CPU
		{208E90EB-C0DD-4203-B618-80E373193F61}.Release|Any CPU.ActiveCfg = Release|Any CPU
		{208E90EB-C0DD-4203-B618-80E373193F61}.Release|Any CPU.Build.0 = Release|Any CPU
		{1A9E3E20-8D24-450A-B5DB-8E6EE506A497}.Debug|Any CPU.ActiveCfg = Debug|Any CPU
		{1A9E3E20-8D24-450A-B5DB-8E6EE506A497}.Debug|Any CPU.Build.0 = Debug|Any CPU
		{1A9E3E20-8D24-450A-B5DB-8E6EE506A497}.Release|Any CPU.ActiveCfg = Release|Any CPU
		{1A9E3E20-8D24-450A-B5DB-8E6EE506A497}.Release|Any CPU.Build.0 = Release|Any CPU
		{8736DAE0-511A-4971-A12A-869B3544AB58}.Debug|Any CPU.ActiveCfg = Debug|Any CPU
		{8736DAE0-511A-4971-A12A-869B3544AB58}.Debug|Any CPU.Build.0 = Debug|Any CPU
		{8736DAE0-511A-4971-A12A-869B3544AB58}.Release|Any CPU.ActiveCfg = Release|Any CPU
		{8736DAE0-511A-4971-A12A-869B3544AB58}.Release|Any CPU.Build.0 = Release|Any CPU
		{6B704F1D-43C4-4981-BE7B-62A15A32C02F}.Debug|Any CPU.ActiveCfg = Debug|Any CPU
		{6B704F1D-43C4-4981-BE7B-62A15A32C02F}.Debug|Any CPU.Build.0 = Debug|Any CPU
		{6B704F1D-43C4-4981-BE7B-62A15A32C02F}.Release|Any CPU.ActiveCfg = Release|Any CPU
		{6B704F1D-43C4-4981-BE7B-62A15A32C02F}.Release|Any CPU.Build.0 = Release|Any CPU
	EndGlobalSection
	GlobalSection(SolutionProperties) = preSolution
		HideSolutionNode = FALSE
	EndGlobalSection
	GlobalSection(ExtensibilityGlobals) = postSolution
		SolutionGuid = {A6603C2C-72E4-4578-9C96-D6F111E08996}
	EndGlobalSection
EndGlobal
